
Microsoft Visual Studio Solution File, Format Version 12.00
# Visual Studio Version 17
VisualStudioVersion = 17.7.34031.279
MinimumVisualStudioVersion = 10.0.40219.1
Project("{9A19103F-16F7-4668-BE54-9A1E7A4F7556}") = "Sisteminis sd2", "Sisteminis sd2.csproj", "{69B21A90-93A3-42CC-BE13-A7FB5E482425}"
EndProject
Project("{54435603-DBB4-11D2-8724-00A0C9A8B90C}") = "Setup1", "..\Setup1\Setup1.vdproj", "{609AB20A-1E4E-4C98-86D8-5054FA560D30}"
EndProject
Global
	GlobalSection(SolutionConfigurationPlatforms) = preSolution
		Debug|Any CPU = Debug|Any CPU
		Release|Any CPU = Release|Any CPU
	EndGlobalSection
	GlobalSection(ProjectConfigurationPlatforms) = postSolution
		{69B21A90-93A3-42CC-BE13-A7FB5E482425}.Debug|Any CPU.ActiveCfg = Debug|Any CPU
		{69B21A90-93A3-42CC-BE13-A7FB5E482425}.Debug|Any CPU.Build.0 = Debug|Any CPU
		{69B21A90-93A3-42CC-BE13-A7FB5E482425}.Release|Any CPU.ActiveCfg = Release|Any CPU
		{69B21A90-93A3-42CC-BE13-A7FB5E482425}.Release|Any CPU.Build.0 = Release|Any CPU
		{609AB20A-1E4E-4C98-86D8-5054FA560D30}.Debug|Any CPU.ActiveCfg = Debug
		{609AB20A-1E4E-4C98-86D8-5054FA560D30}.Release|Any CPU.ActiveCfg = Release
	EndGlobalSection
	GlobalSection(SolutionProperties) = preSolution
		HideSolutionNode = FALSE
	EndGlobalSection
	GlobalSection(ExtensibilityGlobals) = postSolution
		SolutionGuid = {4A312F31-170E-473F-8514-D3882F0542D4}
	EndGlobalSection
EndGlobal
